
Microsoft Visual Studio Solution File, Format Version 12.00
# Visual Studio Version 16
VisualStudioVersion = 16.0.31313.79
MinimumVisualStudioVersion = 10.0.40219.1
Project("{FAE04EC0-301F-11D3-BF4B-00C04F79EFBC}") = "URLShortenerUI", "URLShortenerUI\URLShortenerUI.csproj", "{3965A771-5CFC-43E2-ADD6-E93F3AA6B06A}"
EndProject
Global
	GlobalSection(SolutionConfigurationPlatforms) = preSolution
		Debug|Any CPU = Debug|Any CPU
		Release|Any CPU = Release|Any CPU
	EndGlobalSection
	GlobalSection(ProjectConfigurationPlatforms) = postSolution
		{3965A771-5CFC-43E2-ADD6-E93F3AA6B06A}.Debug|Any CPU.ActiveCfg = Debug|Any CPU
		{3965A771-5CFC-43E2-ADD6-E93F3AA6B06A}.Debug|Any CPU.Build.0 = Debug|Any CPU
		{3965A771-5CFC-43E2-ADD6-E93F3AA6B06A}.Release|Any CPU.ActiveCfg = Release|Any CPU
		{3965A771-5CFC-43E2-ADD6-E93F3AA6B06A}.Release|Any CPU.Build.0 = Release|Any CPU
	EndGlobalSection
	GlobalSection(SolutionProperties) = preSolution
		HideSolutionNode = FALSE
	EndGlobalSection
	GlobalSection(ExtensibilityGlobals) = postSolution
		SolutionGuid = {83E16E6D-10A8-403D-9F92-41CF909851F8}
	EndGlobalSection
EndGlobal
